
Microsoft Visual Studio Solution File, Format Version 12.00
# Visual Studio 15
Project("{FAE04EC0-301F-11D3-BF4B-00C04F79EFBC}") = "Assembly-CSharp", "Assembly-CSharp.csproj", "{B9CE0F5B-39A4-1B1E-861C-90DBE924BA62}"
EndProject
Project("{FAE04EC0-301F-11D3-BF4B-00C04F79EFBC}") = "NativeShare.Runtime", "NativeShare.Runtime.csproj", "{7F1AA562-15B8-7E1F-B950-91A1B2227E9D}"
EndProject
Project("{FAE04EC0-301F-11D3-BF4B-00C04F79EFBC}") = "Assembly-CSharp-Editor", "Assembly-CSharp-Editor.csproj", "{51EC753E-5C05-7600-7672-B19791D1BB19}"
EndProject
Project("{FAE04EC0-301F-11D3-BF4B-00C04F79EFBC}") = "NativeShare.Editor", "NativeShare.Editor.csproj", "{86CC21AC-4098-62B4-3605-9D83F7B37768}"
EndProject
Global
	GlobalSection(SolutionConfigurationPlatforms) = preSolution
		Debug|Any CPU = Debug|Any CPU
		Release|Any CPU = Release|Any CPU
	EndGlobalSection
	GlobalSection(ProjectConfigurationPlatforms) = postSolution
		{B9CE0F5B-39A4-1B1E-861C-90DBE924BA62}.Debug|Any CPU.ActiveCfg = Debug|Any CPU
		{B9CE0F5B-39A4-1B1E-861C-90DBE924BA62}.Debug|Any CPU.Build.0 = Debug|Any CPU
		{B9CE0F5B-39A4-1B1E-861C-90DBE924BA62}.Release|Any CPU.ActiveCfg = Release|Any CPU
		{B9CE0F5B-39A4-1B1E-861C-90DBE924BA62}.Release|Any CPU.Build.0 = Release|Any CPU
		{7F1AA562-15B8-7E1F-B950-91A1B2227E9D}.Debug|Any CPU.ActiveCfg = Debug|Any CPU
		{7F1AA562-15B8-7E1F-B950-91A1B2227E9D}.Debug|Any CPU.Build.0 = Debug|Any CPU
		{7F1AA562-15B8-7E1F-B950-91A1B2227E9D}.Release|Any CPU.ActiveCfg = Release|Any CPU
		{7F1AA562-15B8-7E1F-B950-91A1B2227E9D}.Release|Any CPU.Build.0 = Release|Any CPU
		{51EC753E-5C05-7600-7672-B19791D1BB19}.Debug|Any CPU.ActiveCfg = Debug|Any CPU
		{51EC753E-5C05-7600-7672-B19791D1BB19}.Debug|Any CPU.Build.0 = Debug|Any CPU
		{51EC753E-5C05-7600-7672-B19791D1BB19}.Release|Any CPU.ActiveCfg = Release|Any CPU
		{51EC753E-5C05-7600-7672-B19791D1BB19}.Release|Any CPU.Build.0 = Release|Any CPU
		{86CC21AC-4098-62B4-3605-9D83F7B37768}.Debug|Any CPU.ActiveCfg = Debug|Any CPU
		{86CC21AC-4098-62B4-3605-9D83F7B37768}.Debug|Any CPU.Build.0 = Debug|Any CPU
		{86CC21AC-4098-62B4-3605-9D83F7B37768}.Release|Any CPU.ActiveCfg = Release|Any CPU
		{86CC21AC-4098-62B4-3605-9D83F7B37768}.Release|Any CPU.Build.0 = Release|Any CPU
	EndGlobalSection
	GlobalSection(SolutionProperties) = preSolution
		HideSolutionNode = FALSE
	EndGlobalSection
EndGlobal
